{
	"name": "@internetcamera/sdk",
	"version": "0.0.70",
	"lockfileVersion": 2,
	"requires": true,
	"packages": {
		"": {
			"name": "@internetcamera/sdk",
			"version": "0.0.70",
			"devDependencies": {
				"swr": "^0.5.6"
			},
			"peerDependencies": {
				"swr": "^0.5.6"
			},
			"peerDependenciesMeta": {
				"react": {
					"optional": true
				},
				"swr": {
					"optional": true
				}
			}
		},
		"node_modules/swr": {
			"version": "0.5.7",
			"resolved": "https://registry.npmjs.org/swr/-/swr-0.5.7.tgz",
			"integrity": "sha512-Jh1Efgu8nWZV9rU4VLUMzBzcwaZgi4znqbVXvAtUy/0JzSiN6bNjLaJK8vhY/Rtp7a83dosz5YuehfBNwC/ZoQ==",
			"dev": true,
			"dependencies": {
				"dequal": "2.0.2"
			},
			"peerDependencies": {
				"react": "^16.11.0 || ^17.0.0"
			}
		},
		"node_modules/swr/node_modules/dequal": {
			"version": "2.0.2",
			"resolved": "https://registry.npmjs.org/dequal/-/dequal-2.0.2.tgz",
			"integrity": "sha512-q9K8BlJVxK7hQYqa6XISGmBZbtQQWVXSrRrWreHC94rMt1QL/Impruc+7p2CYSYuVIUr+YCt6hjrs1kkdJRTug==",
			"dev": true,
			"engines": {
				"node": ">=6"
			}
		}
	},
	"dependencies": {
		"swr": {
			"version": "0.5.7",
			"resolved": "https://registry.npmjs.org/swr/-/swr-0.5.7.tgz",
			"integrity": "sha512-Jh1Efgu8nWZV9rU4VLUMzBzcwaZgi4znqbVXvAtUy/0JzSiN6bNjLaJK8vhY/Rtp7a83dosz5YuehfBNwC/ZoQ==",
			"dev": true,
			"requires": {
				"dequal": "2.0.2"
			},
			"dependencies": {
				"dequal": {
					"version": "2.0.2",
					"resolved": "https://registry.npmjs.org/dequal/-/dequal-2.0.2.tgz",
					"integrity": "sha512-q9K8BlJVxK7hQYqa6XISGmBZbtQQWVXSrRrWreHC94rMt1QL/Impruc+7p2CYSYuVIUr+YCt6hjrs1kkdJRTug==",
					"dev": true
				}
			}
		}
	}
}
